// !$*UTF8*$!
{
	archiveVersion = 1;
	classes = {
	};
	objectVersion = 46;
	objects = {

/* Begin PBXBuildFile section */
		03027D9A186C1EF20043822C /* UIKit.framework in Frameworks */ = {isa = PBXBuildFile; fileRef = 03027D99186C1EF20043822C /* UIKit.framework */; };
		03027D9C186C1EF20043822C /* Foundation.framework in Frameworks */ = {isa = PBXBuildFile; fileRef = 03027D9B186C1EF20043822C /* Foundation.framework */; };
		03027D9E186C1EF20043822C /* CoreGraphics.framework in Frameworks */ = {isa = PBXBuildFile; fileRef = 03027D9D186C1EF20043822C /* CoreGraphics.framework */; };
		03027DA4186C1EF20043822C /* InfoPlist.strings in Resources */ = {isa = PBXBuildFile; fileRef = 03027DA2186C1EF20043822C /* InfoPlist.strings */; };
		03027DA6186C1EF20043822C /* main.m in Sources */ = {isa = PBXBuildFile; fileRef = 03027DA5186C1EF20043822C /* main.m */; };
		03027DAA186C1EF20043822C /* MSPAppDelegate.m in Sources */ = {isa = PBXBuildFile; fileRef = 03027DA9186C1EF20043822C /* MSPAppDelegate.m */; };
		03027DAC186C1EF20043822C /* Default.png in Resources */ = {isa = PBXBuildFile; fileRef = 03027DAB186C1EF20043822C /* Default.png */; };
		03027DAE186C1EF20043822C /* Default@2x.png in Resources */ = {isa = PBXBuildFile; fileRef = 03027DAD186C1EF20043822C /* Default@2x.png */; };
		03027DB0186C1EF20043822C /* Default-568h@2x.png in Resources */ = {isa = PBXBuildFile; fileRef = 03027DAF186C1EF20043822C /* Default-568h@2x.png */; };
		03027DB3186C1EF20043822C /* MSPViewController.m in Sources */ = {isa = PBXBuildFile; fileRef = 03027DB2186C1EF20043822C /* MSPViewController.m */; };
		03027DB6186C1EF20043822C /* MSPViewController.xib in Resources */ = {isa = PBXBuildFile; fileRef = 03027DB4186C1EF20043822C /* MSPViewController.xib */; };
		03027DBE186C1F0B0043822C /* HandleException.m in Sources */ = {isa = PBXBuildFile; fileRef = 03027DBD186C1F0B0043822C /* HandleException.m */; };
/* End PBXBuildFile section */

/* Begin PBXFileReference section */
		03027D96186C1EF20043822C /* RecordException.app */ = {isa = PBXFileReference; explicitFileType = wrapper.application; includeInIndex = 0; path = RecordException.app; sourceTree = BUILT_PRODUCTS_DIR; };
		03027D99186C1EF20043822C /* UIKit.framework */ = {isa = PBXFileReference; lastKnownFileType = wrapper.framework; name = UIKit.framework; path = System/Library/Frameworks/UIKit.framework; sourceTree = SDKROOT; };
		03027D9B186C1EF20043822C /* Foundation.framework */ = {isa = PBXFileReference; lastKnownFileType = wrapper.framework; name = Foundation.framework; path = System/Library/Frameworks/Foundation.framework; sourceTree = SDKROOT; };
		03027D9D186C1EF20043822C /* CoreGraphics.framework */ = {isa = PBXFileReference; lastKnownFileType = wrapper.framework; name = CoreGraphics.framework; path = System/Library/Frameworks/CoreGraphics.framework; sourceTree = SDKROOT; };
		03027DA1186C1EF20043822C /* RecordException-Info.plist */ = {isa = PBXFileReference; lastKnownFileType = text.plist.xml; path = "RecordException-Info.plist"; sourceTree = "<group>"; };
		03027DA3186C1EF20043822C /* en */ = {isa = PBXFileReference; lastKnownFileType = text.plist.strings; name = en; path = en.lproj/InfoPlist.strings; sourceTree = "<group>"; };
		03027DA5186C1EF20043822C /* main.m */ = {isa = PBXFileReference; lastKnownFileType = sourcecode.c.objc; path = main.m; sourceTree = "<group>"; };
		03027DA7186C1EF20043822C /* RecordException-Prefix.pch */ = {isa = PBXFileReference; lastKnownFileType = sourcecode.c.h; path = "RecordException-Prefix.pch"; sourceTree = "<group>"; };
		03027DA8186C1EF20043822C /* MSPAppDelegate.h */ = {isa = PBXFileReference; lastKnownFileType = sourcecode.c.h; path = MSPAppDelegate.h; sourceTree = "<group>"; };
		03027DA9186C1EF20043822C /* MSPAppDelegate.m */ = {isa = PBXFileReference; lastKnownFileType = sourcecode.c.objc; path = MSPAppDelegate.m; sourceTree = "<group>"; };
		03027DAB186C1EF20043822C /* Default.png */ = {isa = PBXFileReference; lastKnownFileType = image.png; path = Default.png; sourceTree = "<group>"; };
		03027DAD186C1EF20043822C /* Default@2x.png */ = {isa = PBXFileReference; lastKnownFileType = image.png; path = "Default@2x.png"; sourceTree = "<group>"; };
		03027DAF186C1EF20043822C /* Default-568h@2x.png */ = {isa = PBXFileReference; lastKnownFileType = image.png; path = "Default-568h@2x.png"; sourceTree = "<group>"; };
		03027DB1186C1EF20043822C /* MSPViewController.h */ = {isa = PBXFileReference; lastKnownFileType = sourcecode.c.h; path = MSPViewController.h; sourceTree = "<group>"; };
		03027DB2186C1EF20043822C /* MSPViewController.m */ = {isa = PBXFileReference; lastKnownFileType = sourcecode.c.objc; path = MSPViewController.m; sourceTree = "<group>"; };
		03027DB5186C1EF20043822C /* en */ = {isa = PBXFileReference; lastKnownFileType = file.xib; name = en; path = en.lproj/MSPViewController.xib; sourceTree = "<group>"; };
		03027DBC186C1F0B0043822C /* HandleException.h */ = {isa = PBXFileReference; fileEncoding = 4; lastKnownFileType = sourcecode.c.h; name = HandleException.h; path = ../HandleException.h; sourceTree = "<group>"; };
		03027DBD186C1F0B0043822C /* HandleException.m */ = {isa = PBXFileReference; fileEncoding = 4; lastKnownFileType = sourcecode.c.objc; name = HandleException.m; path = ../HandleException.m; sourceTree = "<group>"; };
/* End PBXFileReference section */

/* Begin PBXFrameworksBuildPhase section */
		03027D93186C1EF20043822C /* Frameworks */ = {
			isa = PBXFrameworksBuildPhase;
			buildActionMask = 2147483647;
			files = (
				03027D9A186C1EF20043822C /* UIKit.framework in Frameworks */,
				03027D9C186C1EF20043822C /* Foundation.framework in Frameworks */,
				03027D9E186C1EF20043822C /* CoreGraphics.framework in Frameworks */,
			);
			runOnlyForDeploymentPostprocessing = 0;
		};
/* End PBXFrameworksBuildPhase section */

/* Begin PBXGroup section */
		03027D8D186C1EF20043822C = {
			isa = PBXGroup;
			children = (
				03027D9F186C1EF20043822C /* RecordException */,
				03027D98186C1EF20043822C /* Frameworks */,
				03027D97186C1EF20043822C /* Products */,
			);
			sourceTree = "<group>";
		};
		03027D97186C1EF20043822C /* Products */ = {
			isa = PBXGroup;
			children = (
				03027D96186C1EF20043822C /* RecordException.app */,
			);
			name = Products;
			sourceTree = "<group>";
		};
		03027D98186C1EF20043822C /* Frameworks */ = {
			isa = PBXGroup;
			children = (
				03027D99186C1EF20043822C /* UIKit.framework */,
				03027D9B186C1EF20043822C /* Foundation.framework */,
				03027D9D186C1EF20043822C /* CoreGraphics.framework */,
			);
			name = Frameworks;
			sourceTree = "<group>";
		};
		03027D9F186C1EF20043822C /* RecordException */ = {
			isa = PBXGroup;
			children = (
				03027DBC186C1F0B0043822C /* HandleException.h */,
				03027DBD186C1F0B0043822C /* HandleException.m */,
				03027DA8186C1EF20043822C /* MSPAppDelegate.h */,
				03027DA9186C1EF20043822C /* MSPAppDelegate.m */,
				03027DB1186C1EF20043822C /* MSPViewController.h */,
				03027DB2186C1EF20043822C /* MSPViewController.m */,
				03027DB4186C1EF20043822C /* MSPViewController.xib */,
				03027DA0186C1EF20043822C /* Supporting Files */,
			);
			path = RecordException;
			sourceTree = "<group>";
		};
		03027DA0186C1EF20043822C /* Supporting Files */ = {
			isa = PBXGroup;
			children = (
				03027DA1186C1EF20043822C /* RecordException-Info.plist */,
				03027DA2186C1EF20043822C /* InfoPlist.strings */,
				03027DA5186C1EF20043822C /* main.m */,
				03027DA7186C1EF20043822C /* RecordException-Prefix.pch */,
				03027DAB186C1EF20043822C /* Default.png */,
				03027DAD186C1EF20043822C /* Default@2x.png */,
				03027DAF186C1EF20043822C /* Default-568h@2x.png */,
			);
			name = "Supporting Files";
			sourceTree = "<group>";
		};
/* End PBXGroup section */

/* Begin PBXNativeTarget section */
		03027D95186C1EF20043822C /* RecordException */ = {
			isa = PBXNativeTarget;
			buildConfigurationList = 03027DB9186C1EF20043822C /* Build configuration list for PBXNativeTarget "RecordException" */;
			buildPhases = (
				03027D92186C1EF20043822C /* Sources */,
				03027D93186C1EF20043822C /* Frameworks */,
				03027D94186C1EF20043822C /* Resources */,
			);
			buildRules = (
			);
			dependencies = (
			);
			name = RecordException;
			productName = RecordException;
			productReference = 03027D96186C1EF20043822C /* RecordException.app */;
			productType = "com.apple.product-type.application";
		};
/* End PBXNativeTarget section */

/* Begin PBXProject section */
		03027D8E186C1EF20043822C /* Project object */ = {
			isa = PBXProject;
			attributes = {
				CLASSPREFIX = MSP;
				LastUpgradeCheck = 0460;
				ORGANIZATIONNAME = "___FULLUSERNAME___";
			};
			buildConfigurationList = 03027D91186C1EF20043822C /* Build configuration list for PBXProject "RecordException" */;
			compatibilityVersion = "Xcode 3.2";
			developmentRegion = English;
			hasScannedForEncodings = 0;
			knownRegions = (
				en,
			);
			mainGroup = 03027D8D186C1EF20043822C;
			productRefGroup = 03027D97186C1EF20043822C /* Products */;
			projectDirPath = "";
			projectRoot = "";
			targets = (
				03027D95186C1EF20043822C /* RecordException */,
			);
		};
/* End PBXProject section */

/* Begin PBXResourcesBuildPhase section */
		03027D94186C1EF20043822C /* Resources */ = {
			isa = PBXResourcesBuildPhase;
			buildActionMask = 2147483647;
			files = (
				03027DA4186C1EF20043822C /* InfoPlist.strings in Resources */,
				03027DAC186C1EF20043822C /* Default.png in Resources */,
				03027DAE186C1EF20043822C /* Default@2x.png in Resources */,
				03027DB0186C1EF20043822C /* Default-568h@2x.png in Resources */,
				03027DB6186C1EF20043822C /* MSPViewController.xib in Resources */,
			);
			runOnlyForDeploymentPostprocessing = 0;
		};
/* End PBXResourcesBuildPhase section */

/* Begin PBXSourcesBuildPhase section */
		03027D92186C1EF20043822C /* Sources */ = {
			isa = PBXSourcesBuildPhase;
			buildActionMask = 2147483647;
			files = (
				03027DA6186C1EF20043822C /* main.m in Sources */,
				03027DAA186C1EF20043822C /* MSPAppDelegate.m in Sources */,
				03027DB3186C1EF20043822C /* MSPViewController.m in Sources */,
				03027DBE186C1F0B0043822C /* HandleException.m in Sources */,
			);
			runOnlyForDeploymentPostprocessing = 0;
		};
/* End PBXSourcesBuildPhase section */

/* Begin PBXVariantGroup section */
		03027DA2186C1EF20043822C /* InfoPlist.strings */ = {
			isa = PBXVariantGroup;
			children = (
				03027DA3186C1EF20043822C /* en */,
			);
			name = InfoPlist.strings;
			sourceTree = "<group>";
		};
		03027DB4186C1EF20043822C /* MSPViewController.xib */ = {
			isa = PBXVariantGroup;
			children = (
				03027DB5186C1EF20043822C /* en */,
			);
			name = MSPViewController.xib;
			sourceTree = "<group>";
		};
/* End PBXVariantGroup section */

/* Begin XCBuildConfiguration section */
		03027DB7186C1EF20043822C /* Debug */ = {
			isa = XCBuildConfiguration;
			buildSettings = {
				ALWAYS_SEARCH_USER_PATHS = NO;
				CLANG_CXX_LANGUAGE_STANDARD = "gnu++0x";
				CLANG_CXX_LIBRARY = "libc++";
				CLANG_WARN_CONSTANT_CONVERSION = YES;
				CLANG_WARN_EMPTY_BODY = YES;
				CLANG_WARN_ENUM_CONVERSION = YES;
				CLANG_WARN_INT_CONVERSION = YES;
				CLANG_WARN__DUPLICATE_METHOD_MATCH = YES;
				"CODE_SIGN_IDENTITY[sdk=iphoneos*]" = "iPhone Developer";
				COPY_PHASE_STRIP = NO;
				GCC_C_LANGUAGE_STANDARD = gnu99;
				GCC_DYNAMIC_NO_PIC = NO;
				GCC_OPTIMIZATION_LEVEL = 0;
				GCC_PREPROCESSOR_DEFINITIONS = (
					"DEBUG=1",
					"$(inherited)",
				);
				GCC_SYMBOLS_PRIVATE_EXTERN = NO;
				GCC_WARN_ABOUT_RETURN_TYPE = YES;
				GCC_WARN_UNINITIALIZED_AUTOS = YES;
				GCC_WARN_UNUSED_VARIABLE = YES;
				IPHONEOS_DEPLOYMENT_TARGET = 6.1;
				ONLY_ACTIVE_ARCH = YES;
				SDKROOT = iphoneos;
			};
			name = Debug;
		};
		03027DB8186C1EF20043822C /* Release */ = {
			isa = XCBuildConfiguration;
			buildSettings = {
				ALWAYS_SEARCH_USER_PATHS = NO;
				CLANG_CXX_LANGUAGE_STANDARD = "gnu++0x";
				CLANG_CXX_LIBRARY = "libc++";
				CLANG_WARN_CONSTANT_CONVERSION = YES;
				CLANG_WARN_EMPTY_BODY = YES;
				CLANG_WARN_ENUM_CONVERSION = YES;
				CLANG_WARN_INT_CONVERSION = YES;
				CLANG_WARN__DUPLICATE_METHOD_MATCH = YES;
				"CODE_SIGN_IDENTITY[sdk=iphoneos*]" = "iPhone Developer";
				COPY_PHASE_STRIP = YES;
				GCC_C_LANGUAGE_STANDARD = gnu99;
				GCC_WARN_ABOUT_RETURN_TYPE = YES;
				GCC_WARN_UNINITIALIZED_AUTOS = YES;
				GCC_WARN_UNUSED_VARIABLE = YES;
				IPHONEOS_DEPLOYMENT_TARGET = 6.1;
				OTHER_CFLAGS = "-DNS_BLOCK_ASSERTIONS=1";
				SDKROOT = iphoneos;
				VALIDATE_PRODUCT = YES;
			};
			name = Release;
		};
		03027DBA186C1EF20043822C /* Debug */ = {
			isa = XCBuildConfiguration;
			buildSettings = {
				GCC_PRECOMPILE_PREFIX_HEADER = YES;
				GCC_PREFIX_HEADER = "RecordException/RecordException-Prefix.pch";
				INFOPLIST_FILE = "RecordException/RecordException-Info.plist";
				PRODUCT_NAME = "$(TARGET_NAME)";
				WRAPPER_EXTENSION = app;
			};
			name = Debug;
		};
		03027DBB186C1EF20043822C /* Release */ = {
			isa = XCBuildConfiguration;
			buildSettings = {
				GCC_PRECOMPILE_PREFIX_HEADER = YES;
				GCC_PREFIX_HEADER = "RecordException/RecordException-Prefix.pch";
				INFOPLIST_FILE = "RecordException/RecordException-Info.plist";
				PRODUCT_NAME = "$(TARGET_NAME)";
				WRAPPER_EXTENSION = app;
			};
			name = Release;
		};
/* End XCBuildConfiguration section */

/* Begin XCConfigurationList section */
		03027D91186C1EF20043822C /* Build configuration list for PBXProject "RecordException" */ = {
			isa = XCConfigurationList;
			buildConfigurations = (
				03027DB7186C1EF20043822C /* Debug */,
				03027DB8186C1EF20043822C /* Release */,
			);
			defaultConfigurationIsVisible = 0;
			defaultConfigurationName = Release;
		};
		03027DB9186C1EF20043822C /* Build configuration list for PBXNativeTarget "RecordException" */ = {
			isa = XCConfigurationList;
			buildConfigurations = (
				03027DBA186C1EF20043822C /* Debug */,
				03027DBB186C1EF20043822C /* Release */,
			);
			defaultConfigurationIsVisible = 0;
		};
/* End XCConfigurationList section */
	};
	rootObject = 03027D8E186C1EF20043822C /* Project object */;
}
